# THIS IS AN AUTOGENERATED FILE. DO NOT EDIT THIS FILE DIRECTLY.
# yarn lockfile v1


"@nestjs/axios@^3.1.2":
  version "3.1.2"
  resolved "https://registry.yarnpkg.com/@nestjs/axios/-/axios-3.1.2.tgz#e55c39cfd2e0ed24304b9aa31d1854ecbfe760c7"
  integrity sha512-pFlfi4ZQsZtTNNhvgssbxjCHUd1nMpV3sXy/xOOB2uEJhw3M8j8SFR08gjFNil2we2Har7VCsXLfCkwbMHECFQ==

"@nestjs/config@^3.3.0":
  version "3.3.0"
  resolved "https://registry.yarnpkg.com/@nestjs/config/-/config-3.3.0.tgz#ddc520ba26a8453ee5e690e18fb7b35e9bac7974"
  integrity sha512-pdGTp8m9d0ZCrjTpjkUbZx6gyf2IKf+7zlkrPNMsJzYZ4bFRRTpXrnj+556/5uiI6AfL5mMrJc2u7dB6bvM+VA==
  dependencies:
    dotenv "16.4.5"
    dotenv-expand "10.0.0"
    lodash "4.17.21"

dotenv-expand@10.0.0:
  version "10.0.0"
  resolved "https://registry.yarnpkg.com/dotenv-expand/-/dotenv-expand-10.0.0.tgz#12605d00fb0af6d0a592e6558585784032e4ef37"
  integrity sha512-GopVGCpVS1UKH75VKHGuQFqS1Gusej0z4FyQkPdwjil2gNIv+LNsqBlboOzpJFZKVT95GkCyWJbBSdFEFUWI2A==

dotenv@16.4.5:
  version "16.4.5"
  resolved "https://registry.yarnpkg.com/dotenv/-/dotenv-16.4.5.tgz#cdd3b3b604cb327e286b4762e13502f717cb099f"
  integrity sha512-ZmdL2rui+eB2YwhsWzjInR8LldtZHGDoQ1ugH85ppHKwpUHL7j7rN0Ti9NCnGiQbhaZ11FpR+7ao1dNsmduNUg==

lodash@4.17.21:
  version "4.17.21"
  resolved "https://registry.yarnpkg.com/lodash/-/lodash-4.17.21.tgz#679591c564c3bffaae8454cf0b3df370c3d6911c"
  integrity sha512-v2kDEe57lecTulaDIuNTPy3Ry4gLGJ6Z1O3vE1krgXZNrsQ+LFTGHVxVjcXPs17LhbZVGedAJv8XZ1tvj5FvSg==
